
Microsoft Visual Studio Solution File, Format Version 12.00
# Visual Studio Version 17
VisualStudioVersion = 17.0.31710.8
MinimumVisualStudioVersion = 10.0.40219.1
Project("{9A19103F-16F7-4668-BE54-9A1E7A4F7556}") = "Template_TMS_Api", "Template_TMS\Template_TMS_Api.csproj", "{1BCFA915-FF1F-4217-A823-1E239B0BB699}"
EndProject
Project("{2150E333-8FDC-42A3-9474-1A3956D46DE8}") = "src", "src", "{5E0E94DB-1C98-4D38-9DFF-A8F89327AC9C}"
EndProject
Project("{2150E333-8FDC-42A3-9474-1A3956D46DE8}") = "tests", "tests", "{21F74056-393F-4C35-A7EB-993040FB83A6}"
EndProject
Project("{9A19103F-16F7-4668-BE54-9A1E7A4F7556}") = "Template_TMS_Domain_Tests", "Template_TMS_Domain_Tests\Template_TMS_Domain_Tests.csproj", "{1FDF2D50-E49D-4890-B121-0B7DD32B3BAC}"
EndProject
Project("{9A19103F-16F7-4668-BE54-9A1E7A4F7556}") = "Template_TMS_Application", "Template_TMS_Application\Template_TMS_Application.csproj", "{5766F93D-95A4-4E21-82CD-9F8AEB6F2A59}"
EndProject
Project("{9A19103F-16F7-4668-BE54-9A1E7A4F7556}") = "Template_TMS_Domain", "Template_TMS_Domain\Template_TMS_Domain.csproj", "{1BF40D89-CA2A-4E23-80C8-AC1E55379CA9}"
EndProject
Project("{9A19103F-16F7-4668-BE54-9A1E7A4F7556}") = "Template_TMS_Infraestructure", "Template_TMS_Infraestructure\Template_TMS_Infraestructure.csproj", "{20531A05-BEA3-4A5C-B4B7-91E5B60943B9}"
	ProjectSection(ProjectDependencies) = postProject
		{1BF40D89-CA2A-4E23-80C8-AC1E55379CA9} = {1BF40D89-CA2A-4E23-80C8-AC1E55379CA9}
	EndProjectSection
EndProject
Global
	GlobalSection(SolutionConfigurationPlatforms) = preSolution
		Debug|Any CPU = Debug|Any CPU
		Release|Any CPU = Release|Any CPU
	EndGlobalSection
	GlobalSection(ProjectConfigurationPlatforms) = postSolution
		{1BCFA915-FF1F-4217-A823-1E239B0BB699}.Debug|Any CPU.ActiveCfg = Debug|Any CPU
		{1BCFA915-FF1F-4217-A823-1E239B0BB699}.Debug|Any CPU.Build.0 = Debug|Any CPU
		{1BCFA915-FF1F-4217-A823-1E239B0BB699}.Release|Any CPU.ActiveCfg = Release|Any CPU
		{1BCFA915-FF1F-4217-A823-1E239B0BB699}.Release|Any CPU.Build.0 = Release|Any CPU
		{1FDF2D50-E49D-4890-B121-0B7DD32B3BAC}.Debug|Any CPU.ActiveCfg = Debug|Any CPU
		{1FDF2D50-E49D-4890-B121-0B7DD32B3BAC}.Debug|Any CPU.Build.0 = Debug|Any CPU
		{1FDF2D50-E49D-4890-B121-0B7DD32B3BAC}.Release|Any CPU.ActiveCfg = Release|Any CPU
		{1FDF2D50-E49D-4890-B121-0B7DD32B3BAC}.Release|Any CPU.Build.0 = Release|Any CPU
		{5766F93D-95A4-4E21-82CD-9F8AEB6F2A59}.Debug|Any CPU.ActiveCfg = Debug|Any CPU
		{5766F93D-95A4-4E21-82CD-9F8AEB6F2A59}.Debug|Any CPU.Build.0 = Debug|Any CPU
		{5766F93D-95A4-4E21-82CD-9F8AEB6F2A59}.Release|Any CPU.ActiveCfg = Release|Any CPU
		{5766F93D-95A4-4E21-82CD-9F8AEB6F2A59}.Release|Any CPU.Build.0 = Release|Any CPU
		{1BF40D89-CA2A-4E23-80C8-AC1E55379CA9}.Debug|Any CPU.ActiveCfg = Debug|Any CPU
		{1BF40D89-CA2A-4E23-80C8-AC1E55379CA9}.Debug|Any CPU.Build.0 = Debug|Any CPU
		{1BF40D89-CA2A-4E23-80C8-AC1E55379CA9}.Release|Any CPU.ActiveCfg = Release|Any CPU
		{1BF40D89-CA2A-4E23-80C8-AC1E55379CA9}.Release|Any CPU.Build.0 = Release|Any CPU
		{20531A05-BEA3-4A5C-B4B7-91E5B60943B9}.Debug|Any CPU.ActiveCfg = Debug|Any CPU
		{20531A05-BEA3-4A5C-B4B7-91E5B60943B9}.Debug|Any CPU.Build.0 = Debug|Any CPU
		{20531A05-BEA3-4A5C-B4B7-91E5B60943B9}.Release|Any CPU.ActiveCfg = Release|Any CPU
		{20531A05-BEA3-4A5C-B4B7-91E5B60943B9}.Release|Any CPU.Build.0 = Release|Any CPU
	EndGlobalSection
	GlobalSection(SolutionProperties) = preSolution
		HideSolutionNode = FALSE
	EndGlobalSection
	GlobalSection(NestedProjects) = preSolution
		{1BCFA915-FF1F-4217-A823-1E239B0BB699} = {5E0E94DB-1C98-4D38-9DFF-A8F89327AC9C}
		{1FDF2D50-E49D-4890-B121-0B7DD32B3BAC} = {21F74056-393F-4C35-A7EB-993040FB83A6}
		{5766F93D-95A4-4E21-82CD-9F8AEB6F2A59} = {5E0E94DB-1C98-4D38-9DFF-A8F89327AC9C}
		{1BF40D89-CA2A-4E23-80C8-AC1E55379CA9} = {5E0E94DB-1C98-4D38-9DFF-A8F89327AC9C}
		{20531A05-BEA3-4A5C-B4B7-91E5B60943B9} = {5E0E94DB-1C98-4D38-9DFF-A8F89327AC9C}
	EndGlobalSection
	GlobalSection(ExtensibilityGlobals) = postSolution
		SolutionGuid = {9348C9AC-DE64-464C-9A22-ABEF949C6630}
	EndGlobalSection
EndGlobal
